# Generated by pub
# See https://dart.dev/tools/pub/glossary#lockfile
packages:
  math_expressions:
    dependency: "direct main"
    description:
      name: math_expressions
      sha256: "6cec3bb1f5a78701cc25d63705ddfa807062d00bc0d85ba8b2d13daed9fe61c5"
      url: "https://pub.dev"
    source: hosted
    version: "2.3.1"
  vector_math:
    dependency: transitive
    description:
      name: vector_math
      sha256: "80b3257d1492ce4d091729e3a67a60407d227c27241d6927be0130c98e741803"
      url: "https://pub.dev"
    source: hosted
    version: "2.1.4"
sdks:
  dart: ">=2.14.0 <3.0.0"
